
Microsoft Visual Studio Solution File, Format Version 12.00
# Visual Studio 14
VisualStudioVersion = 14.0.25420.1
MinimumVisualStudioVersion = 10.0.40219.1
Project("{2150E333-8FDC-42A3-9474-1A3956D46DE8}") = "Build", "Build", "{9FB3931E-F359-4C16-BCE9-0665921FB510}"
	ProjectSection(SolutionItems) = preProject
		.gitattributes = .gitattributes
		.gitignore = .gitignore
		appveyor.yml = appveyor.yml
		global.json = global.json
	EndProjectSection
EndProject
Project("{2150E333-8FDC-42A3-9474-1A3956D46DE8}") = "Meta", "Meta", "{EC8D73FD-F133-45AE-8602-D0B453C5B41A}"
	ProjectSection(SolutionItems) = preProject
		LICENSE.txt = LICENSE.txt
		README.md = README.md
		ReleaseNotes.md = ReleaseNotes.md
	EndProjectSection
EndProject
Project("{8BB2217D-0F2D-49D1-97BC-3654ED321F3B}") = "HalKit", "src\HalKit\HalKit.xproj", "{969D91D9-B84E-448C-A369-DE304B33C8A6}"
EndProject
Project("{8BB2217D-0F2D-49D1-97BC-3654ED321F3B}") = "HalKit.Tests", "tests\HalKit.Tests\HalKit.Tests.xproj", "{7C63619D-C81B-4BA9-B7B3-D57B1D682830}"
EndProject
Global
	GlobalSection(SolutionConfigurationPlatforms) = preSolution
		Debug|Any CPU = Debug|Any CPU
		Release|Any CPU = Release|Any CPU
	EndGlobalSection
	GlobalSection(ProjectConfigurationPlatforms) = postSolution
		{969D91D9-B84E-448C-A369-DE304B33C8A6}.Debug|Any CPU.ActiveCfg = Debug|Any CPU
		{969D91D9-B84E-448C-A369-DE304B33C8A6}.Debug|Any CPU.Build.0 = Debug|Any CPU
		{969D91D9-B84E-448C-A369-DE304B33C8A6}.Release|Any CPU.ActiveCfg = Release|Any CPU
		{969D91D9-B84E-448C-A369-DE304B33C8A6}.Release|Any CPU.Build.0 = Release|Any CPU
		{7C63619D-C81B-4BA9-B7B3-D57B1D682830}.Debug|Any CPU.ActiveCfg = Debug|Any CPU
		{7C63619D-C81B-4BA9-B7B3-D57B1D682830}.Debug|Any CPU.Build.0 = Debug|Any CPU
		{7C63619D-C81B-4BA9-B7B3-D57B1D682830}.Release|Any CPU.ActiveCfg = Release|Any CPU
		{7C63619D-C81B-4BA9-B7B3-D57B1D682830}.Release|Any CPU.Build.0 = Release|Any CPU
	EndGlobalSection
	GlobalSection(SolutionProperties) = preSolution
		HideSolutionNode = FALSE
	EndGlobalSection
EndGlobal
