
Microsoft Visual Studio Solution File, Format Version 12.00
# Visual Studio Version 16
VisualStudioVersion = 16.0.30804.86
MinimumVisualStudioVersion = 10.0.40219.1
Project("{9A19103F-16F7-4668-BE54-9A1E7A4F7556}") = "HalKit", "src\HalKit\HalKit.csproj", "{F1F25B20-C342-4F94-8029-11586B75D1F2}"
EndProject
Project("{9A19103F-16F7-4668-BE54-9A1E7A4F7556}") = "HalKit.Tests", "tests\HalKit.Tests\HalKit.Tests.csproj", "{56D3F770-FD3A-4ADF-A4A0-A5104F5A0012}"
EndProject
Project("{2150E333-8FDC-42A3-9474-1A3956D46DE8}") = "Build", "Build", "{9FB3931E-F359-4C16-BCE9-0665921FB510}"
	ProjectSection(SolutionItems) = preProject
		.gitattributes = .gitattributes
		.gitignore = .gitignore
		.github\workflows\halkit-ci.yml = .github\workflows\halkit-ci.yml
		.github\workflows\halkit-deploy.yml = .github\workflows\halkit-deploy.yml
	EndProjectSection
EndProject
Project("{2150E333-8FDC-42A3-9474-1A3956D46DE8}") = "Meta", "Meta", "{EC8D73FD-F133-45AE-8602-D0B453C5B41A}"
	ProjectSection(SolutionItems) = preProject
		LICENSE.txt = LICENSE.txt
		README.md = README.md
		ReleaseNotes.md = ReleaseNotes.md
		Version.props = Version.props
	EndProjectSection
EndProject
Global
	GlobalSection(SolutionConfigurationPlatforms) = preSolution
		Debug|Any CPU = Debug|Any CPU
		Release|Any CPU = Release|Any CPU
	EndGlobalSection
	GlobalSection(ProjectConfigurationPlatforms) = postSolution
		{F1F25B20-C342-4F94-8029-11586B75D1F2}.Debug|Any CPU.ActiveCfg = Debug|Any CPU
		{F1F25B20-C342-4F94-8029-11586B75D1F2}.Debug|Any CPU.Build.0 = Debug|Any CPU
		{F1F25B20-C342-4F94-8029-11586B75D1F2}.Release|Any CPU.ActiveCfg = Release|Any CPU
		{F1F25B20-C342-4F94-8029-11586B75D1F2}.Release|Any CPU.Build.0 = Release|Any CPU
		{56D3F770-FD3A-4ADF-A4A0-A5104F5A0012}.Debug|Any CPU.ActiveCfg = Debug|Any CPU
		{56D3F770-FD3A-4ADF-A4A0-A5104F5A0012}.Debug|Any CPU.Build.0 = Debug|Any CPU
		{56D3F770-FD3A-4ADF-A4A0-A5104F5A0012}.Release|Any CPU.ActiveCfg = Release|Any CPU
		{56D3F770-FD3A-4ADF-A4A0-A5104F5A0012}.Release|Any CPU.Build.0 = Release|Any CPU
	EndGlobalSection
	GlobalSection(SolutionProperties) = preSolution
		HideSolutionNode = FALSE
	EndGlobalSection
	GlobalSection(ExtensibilityGlobals) = postSolution
		SolutionGuid = {5D2B547E-4DF8-42D8-85FC-8170413A8AC4}
	EndGlobalSection
EndGlobal
